
Microsoft Visual Studio Solution File, Format Version 12.00
# Visual Studio Version 17
VisualStudioVersion = 17.4.33110.190
MinimumVisualStudioVersion = 10.0.40219.1
Project("{2150E333-8FDC-42A3-9474-1A3956D46DE8}") = "src", "src", "{7F02E6C2-B28D-48FC-B43A-6DE49B6EA54B}"
EndProject
Project("{9A19103F-16F7-4668-BE54-9A1E7A4F7556}") = "Catalog.API", "src\Catalog.API\Catalog.API.csproj", "{93F8945F-C732-45A7-A3D8-DB940A94BFF4}"
EndProject
Project("{E53339B2-1760-4266-BCC7-CA923CBCF16C}") = "docker-compose", "docker-compose.dcproj", "{ECEBFD28-68C1-46DB-B166-4470B02937E1}"
EndProject
Project("{FAE04EC0-301F-11D3-BF4B-00C04F79EFBC}") = "Basket.API", "src\Basket.API\Basket.API.csproj", "{CE2B6050-ED6A-454B-92AD-A10F910DB3F8}"
EndProject
Global
	GlobalSection(SolutionConfigurationPlatforms) = preSolution
		Debug|Any CPU = Debug|Any CPU
		Release|Any CPU = Release|Any CPU
	EndGlobalSection
	GlobalSection(ProjectConfigurationPlatforms) = postSolution
		{93F8945F-C732-45A7-A3D8-DB940A94BFF4}.Debug|Any CPU.ActiveCfg = Debug|Any CPU
		{93F8945F-C732-45A7-A3D8-DB940A94BFF4}.Debug|Any CPU.Build.0 = Debug|Any CPU
		{93F8945F-C732-45A7-A3D8-DB940A94BFF4}.Release|Any CPU.ActiveCfg = Release|Any CPU
		{93F8945F-C732-45A7-A3D8-DB940A94BFF4}.Release|Any CPU.Build.0 = Release|Any CPU
		{ECEBFD28-68C1-46DB-B166-4470B02937E1}.Debug|Any CPU.ActiveCfg = Debug|Any CPU
		{ECEBFD28-68C1-46DB-B166-4470B02937E1}.Debug|Any CPU.Build.0 = Debug|Any CPU
		{ECEBFD28-68C1-46DB-B166-4470B02937E1}.Release|Any CPU.ActiveCfg = Release|Any CPU
		{ECEBFD28-68C1-46DB-B166-4470B02937E1}.Release|Any CPU.Build.0 = Release|Any CPU
		{CE2B6050-ED6A-454B-92AD-A10F910DB3F8}.Debug|Any CPU.ActiveCfg = Debug|Any CPU
		{CE2B6050-ED6A-454B-92AD-A10F910DB3F8}.Debug|Any CPU.Build.0 = Debug|Any CPU
		{CE2B6050-ED6A-454B-92AD-A10F910DB3F8}.Release|Any CPU.ActiveCfg = Release|Any CPU
		{CE2B6050-ED6A-454B-92AD-A10F910DB3F8}.Release|Any CPU.Build.0 = Release|Any CPU
	EndGlobalSection
	GlobalSection(SolutionProperties) = preSolution
		HideSolutionNode = FALSE
	EndGlobalSection
	GlobalSection(NestedProjects) = preSolution
		{93F8945F-C732-45A7-A3D8-DB940A94BFF4} = {7F02E6C2-B28D-48FC-B43A-6DE49B6EA54B}
		{CE2B6050-ED6A-454B-92AD-A10F910DB3F8} = {7F02E6C2-B28D-48FC-B43A-6DE49B6EA54B}
	EndGlobalSection
	GlobalSection(ExtensibilityGlobals) = postSolution
		SolutionGuid = {3023ECA8-D400-4223-955F-CB91BE4333EA}
	EndGlobalSection
EndGlobal
