
Microsoft Visual Studio Solution File, Format Version 12.00
# Visual Studio Version 17
VisualStudioVersion = 17.4.33110.190
MinimumVisualStudioVersion = 10.0.40219.1
Project("{2150E333-8FDC-42A3-9474-1A3956D46DE8}") = "src", "src", "{7F02E6C2-B28D-48FC-B43A-6DE49B6EA54B}"
EndProject
Project("{9A19103F-16F7-4668-BE54-9A1E7A4F7556}") = "Catalog.API", "src\Catalog.API\Catalog.API.csproj", "{93F8945F-C732-45A7-A3D8-DB940A94BFF4}"
EndProject
Project("{E53339B2-1760-4266-BCC7-CA923CBCF16C}") = "docker-compose", "docker-compose.dcproj", "{ECEBFD28-68C1-46DB-B166-4470B02937E1}"
EndProject
Project("{9A19103F-16F7-4668-BE54-9A1E7A4F7556}") = "Basket.API", "src\Basket.API\Basket.API.csproj", "{CE2B6050-ED6A-454B-92AD-A10F910DB3F8}"
EndProject
Project("{9A19103F-16F7-4668-BE54-9A1E7A4F7556}") = "Discount.API", "src\Discount.API\Discount.API.csproj", "{6086169E-CEB7-4C0E-B3A1-C120A9A360A7}"
EndProject
Project("{9A19103F-16F7-4668-BE54-9A1E7A4F7556}") = "Discount.Grpc", "src\Discount.Grpc\Discount.Grpc.csproj", "{BC141D67-8BA2-4365-AF7F-9C39615861F6}"
EndProject
Project("{2150E333-8FDC-42A3-9474-1A3956D46DE8}") = "Ordering", "Ordering", "{C821E314-4134-4DFA-A5DE-015A29335346}"
EndProject
Project("{9A19103F-16F7-4668-BE54-9A1E7A4F7556}") = "Ordering.API", "src\Ordering\Ordering.API\Ordering.API.csproj", "{D779FC52-4110-4165-905B-317D1E7E3AF1}"
EndProject
Project("{9A19103F-16F7-4668-BE54-9A1E7A4F7556}") = "Ordering.Domain", "src\Ordering\Ordering.Domain\Ordering.Domain.csproj", "{DAB5DA6A-582D-49D1-867D-D319A75060A0}"
EndProject
Project("{9A19103F-16F7-4668-BE54-9A1E7A4F7556}") = "Ordering.Application", "src\Ordering\Ordering.Application\Ordering.Application.csproj", "{B11D2B0C-1785-4764-8EBD-32A301242D74}"
EndProject
Project("{9A19103F-16F7-4668-BE54-9A1E7A4F7556}") = "Ordering.Infrastructure", "src\Ordering\Ordering.Infrastructure\Ordering.Infrastructure.csproj", "{24507664-87D4-4332-A9D6-AFEAB0C66F2C}"
EndProject
Project("{2150E333-8FDC-42A3-9474-1A3956D46DE8}") = "BuildingBlocks", "BuildingBlocks", "{1AC3CBD5-0907-4777-B2D1-19AEC5076396}"
EndProject
Project("{FAE04EC0-301F-11D3-BF4B-00C04F79EFBC}") = "EventBus.Messages", "src\BuildingBlocks\EventBus.Messages\EventBus.Messages.csproj", "{35BF82A4-A842-4922-9F90-0F4B9CB8A8CA}"
EndProject
Global
	GlobalSection(SolutionConfigurationPlatforms) = preSolution
		Debug|Any CPU = Debug|Any CPU
		Release|Any CPU = Release|Any CPU
	EndGlobalSection
	GlobalSection(ProjectConfigurationPlatforms) = postSolution
		{93F8945F-C732-45A7-A3D8-DB940A94BFF4}.Debug|Any CPU.ActiveCfg = Debug|Any CPU
		{93F8945F-C732-45A7-A3D8-DB940A94BFF4}.Debug|Any CPU.Build.0 = Debug|Any CPU
		{93F8945F-C732-45A7-A3D8-DB940A94BFF4}.Release|Any CPU.ActiveCfg = Release|Any CPU
		{93F8945F-C732-45A7-A3D8-DB940A94BFF4}.Release|Any CPU.Build.0 = Release|Any CPU
		{ECEBFD28-68C1-46DB-B166-4470B02937E1}.Debug|Any CPU.ActiveCfg = Debug|Any CPU
		{ECEBFD28-68C1-46DB-B166-4470B02937E1}.Debug|Any CPU.Build.0 = Debug|Any CPU
		{ECEBFD28-68C1-46DB-B166-4470B02937E1}.Release|Any CPU.ActiveCfg = Release|Any CPU
		{ECEBFD28-68C1-46DB-B166-4470B02937E1}.Release|Any CPU.Build.0 = Release|Any CPU
		{CE2B6050-ED6A-454B-92AD-A10F910DB3F8}.Debug|Any CPU.ActiveCfg = Debug|Any CPU
		{CE2B6050-ED6A-454B-92AD-A10F910DB3F8}.Debug|Any CPU.Build.0 = Debug|Any CPU
		{CE2B6050-ED6A-454B-92AD-A10F910DB3F8}.Release|Any CPU.ActiveCfg = Release|Any CPU
		{CE2B6050-ED6A-454B-92AD-A10F910DB3F8}.Release|Any CPU.Build.0 = Release|Any CPU
		{6086169E-CEB7-4C0E-B3A1-C120A9A360A7}.Debug|Any CPU.ActiveCfg = Debug|Any CPU
		{6086169E-CEB7-4C0E-B3A1-C120A9A360A7}.Debug|Any CPU.Build.0 = Debug|Any CPU
		{6086169E-CEB7-4C0E-B3A1-C120A9A360A7}.Release|Any CPU.ActiveCfg = Release|Any CPU
		{6086169E-CEB7-4C0E-B3A1-C120A9A360A7}.Release|Any CPU.Build.0 = Release|Any CPU
		{BC141D67-8BA2-4365-AF7F-9C39615861F6}.Debug|Any CPU.ActiveCfg = Debug|Any CPU
		{BC141D67-8BA2-4365-AF7F-9C39615861F6}.Debug|Any CPU.Build.0 = Debug|Any CPU
		{BC141D67-8BA2-4365-AF7F-9C39615861F6}.Release|Any CPU.ActiveCfg = Release|Any CPU
		{BC141D67-8BA2-4365-AF7F-9C39615861F6}.Release|Any CPU.Build.0 = Release|Any CPU
		{D779FC52-4110-4165-905B-317D1E7E3AF1}.Debug|Any CPU.ActiveCfg = Debug|Any CPU
		{D779FC52-4110-4165-905B-317D1E7E3AF1}.Debug|Any CPU.Build.0 = Debug|Any CPU
		{D779FC52-4110-4165-905B-317D1E7E3AF1}.Release|Any CPU.ActiveCfg = Release|Any CPU
		{D779FC52-4110-4165-905B-317D1E7E3AF1}.Release|Any CPU.Build.0 = Release|Any CPU
		{DAB5DA6A-582D-49D1-867D-D319A75060A0}.Debug|Any CPU.ActiveCfg = Debug|Any CPU
		{DAB5DA6A-582D-49D1-867D-D319A75060A0}.Debug|Any CPU.Build.0 = Debug|Any CPU
		{DAB5DA6A-582D-49D1-867D-D319A75060A0}.Release|Any CPU.ActiveCfg = Release|Any CPU
		{DAB5DA6A-582D-49D1-867D-D319A75060A0}.Release|Any CPU.Build.0 = Release|Any CPU
		{B11D2B0C-1785-4764-8EBD-32A301242D74}.Debug|Any CPU.ActiveCfg = Debug|Any CPU
		{B11D2B0C-1785-4764-8EBD-32A301242D74}.Debug|Any CPU.Build.0 = Debug|Any CPU
		{B11D2B0C-1785-4764-8EBD-32A301242D74}.Release|Any CPU.ActiveCfg = Release|Any CPU
		{B11D2B0C-1785-4764-8EBD-32A301242D74}.Release|Any CPU.Build.0 = Release|Any CPU
		{24507664-87D4-4332-A9D6-AFEAB0C66F2C}.Debug|Any CPU.ActiveCfg = Debug|Any CPU
		{24507664-87D4-4332-A9D6-AFEAB0C66F2C}.Debug|Any CPU.Build.0 = Debug|Any CPU
		{24507664-87D4-4332-A9D6-AFEAB0C66F2C}.Release|Any CPU.ActiveCfg = Release|Any CPU
		{24507664-87D4-4332-A9D6-AFEAB0C66F2C}.Release|Any CPU.Build.0 = Release|Any CPU
		{35BF82A4-A842-4922-9F90-0F4B9CB8A8CA}.Debug|Any CPU.ActiveCfg = Debug|Any CPU
		{35BF82A4-A842-4922-9F90-0F4B9CB8A8CA}.Debug|Any CPU.Build.0 = Debug|Any CPU
		{35BF82A4-A842-4922-9F90-0F4B9CB8A8CA}.Release|Any CPU.ActiveCfg = Release|Any CPU
		{35BF82A4-A842-4922-9F90-0F4B9CB8A8CA}.Release|Any CPU.Build.0 = Release|Any CPU
	EndGlobalSection
	GlobalSection(SolutionProperties) = preSolution
		HideSolutionNode = FALSE
	EndGlobalSection
	GlobalSection(NestedProjects) = preSolution
		{93F8945F-C732-45A7-A3D8-DB940A94BFF4} = {7F02E6C2-B28D-48FC-B43A-6DE49B6EA54B}
		{CE2B6050-ED6A-454B-92AD-A10F910DB3F8} = {7F02E6C2-B28D-48FC-B43A-6DE49B6EA54B}
		{6086169E-CEB7-4C0E-B3A1-C120A9A360A7} = {7F02E6C2-B28D-48FC-B43A-6DE49B6EA54B}
		{BC141D67-8BA2-4365-AF7F-9C39615861F6} = {7F02E6C2-B28D-48FC-B43A-6DE49B6EA54B}
		{C821E314-4134-4DFA-A5DE-015A29335346} = {7F02E6C2-B28D-48FC-B43A-6DE49B6EA54B}
		{D779FC52-4110-4165-905B-317D1E7E3AF1} = {C821E314-4134-4DFA-A5DE-015A29335346}
		{DAB5DA6A-582D-49D1-867D-D319A75060A0} = {C821E314-4134-4DFA-A5DE-015A29335346}
		{B11D2B0C-1785-4764-8EBD-32A301242D74} = {C821E314-4134-4DFA-A5DE-015A29335346}
		{24507664-87D4-4332-A9D6-AFEAB0C66F2C} = {C821E314-4134-4DFA-A5DE-015A29335346}
		{1AC3CBD5-0907-4777-B2D1-19AEC5076396} = {7F02E6C2-B28D-48FC-B43A-6DE49B6EA54B}
		{35BF82A4-A842-4922-9F90-0F4B9CB8A8CA} = {1AC3CBD5-0907-4777-B2D1-19AEC5076396}
	EndGlobalSection
	GlobalSection(ExtensibilityGlobals) = postSolution
		SolutionGuid = {3023ECA8-D400-4223-955F-CB91BE4333EA}
	EndGlobalSection
EndGlobal
